
Microsoft Visual Studio Solution File, Format Version 12.00
# Visual Studio Version 17
VisualStudioVersion = 17.7.34202.233
MinimumVisualStudioVersion = 10.0.40219.1
Project("{FAE04EC0-301F-11D3-BF4B-00C04F79EFBC}") = "GA2_Benél", "GA2_Benél.csproj", "{A9750132-1026-422A-B78A-AFC5B2B37A59}"
EndProject
Global
	GlobalSection(SolutionConfigurationPlatforms) = preSolution
		Debug|Any CPU = Debug|Any CPU
		Release|Any CPU = Release|Any CPU
	EndGlobalSection
	GlobalSection(ProjectConfigurationPlatforms) = postSolution
		{A9750132-1026-422A-B78A-AFC5B2B37A59}.Debug|Any CPU.ActiveCfg = Debug|Any CPU
		{A9750132-1026-422A-B78A-AFC5B2B37A59}.Debug|Any CPU.Build.0 = Debug|Any CPU
		{A9750132-1026-422A-B78A-AFC5B2B37A59}.Release|Any CPU.ActiveCfg = Release|Any CPU
		{A9750132-1026-422A-B78A-AFC5B2B37A59}.Release|Any CPU.Build.0 = Release|Any CPU
	EndGlobalSection
	GlobalSection(SolutionProperties) = preSolution
		HideSolutionNode = FALSE
	EndGlobalSection
	GlobalSection(ExtensibilityGlobals) = postSolution
		SolutionGuid = {537B1485-3A30-4215-A151-732F6C6D5BCC}
	EndGlobalSection
EndGlobal
